
Microsoft Visual Studio Solution File, Format Version 12.00
# Visual Studio 15
VisualStudioVersion = 15.0.28010.2041
MinimumVisualStudioVersion = 10.0.40219.1
Project("{FAE04EC0-301F-11D3-BF4B-00C04F79EFBC}") = "Wifi.Media", "Wifi.Media.csproj", "{959B4D39-8DC1-46D9-8D4D-ABEEDD7A5D07}"
EndProject
Project("{FAE04EC0-301F-11D3-BF4B-00C04F79EFBC}") = "Wifi.Media.Admin", "..\Wifi.Media.Admin\Wifi.Media.Admin.csproj", "{BEA44212-16F9-4FF4-8D2C-17941F0822B9}"
EndProject
Project("{FAE04EC0-301F-11D3-BF4B-00C04F79EFBC}") = "Wifi.Media.Data", "Wifi.Media.Data\Wifi.Media.Data.csproj", "{AB9C0C6A-36C4-4716-831F-276F1BD0FCA1}"
EndProject
Global
	GlobalSection(SolutionConfigurationPlatforms) = preSolution
		Debug|Any CPU = Debug|Any CPU
		Release|Any CPU = Release|Any CPU
	EndGlobalSection
	GlobalSection(ProjectConfigurationPlatforms) = postSolution
		{959B4D39-8DC1-46D9-8D4D-ABEEDD7A5D07}.Debug|Any CPU.ActiveCfg = Debug|Any CPU
		{959B4D39-8DC1-46D9-8D4D-ABEEDD7A5D07}.Debug|Any CPU.Build.0 = Debug|Any CPU
		{959B4D39-8DC1-46D9-8D4D-ABEEDD7A5D07}.Release|Any CPU.ActiveCfg = Release|Any CPU
		{959B4D39-8DC1-46D9-8D4D-ABEEDD7A5D07}.Release|Any CPU.Build.0 = Release|Any CPU
		{BEA44212-16F9-4FF4-8D2C-17941F0822B9}.Debug|Any CPU.ActiveCfg = Debug|Any CPU
		{BEA44212-16F9-4FF4-8D2C-17941F0822B9}.Debug|Any CPU.Build.0 = Debug|Any CPU
		{BEA44212-16F9-4FF4-8D2C-17941F0822B9}.Release|Any CPU.ActiveCfg = Release|Any CPU
		{BEA44212-16F9-4FF4-8D2C-17941F0822B9}.Release|Any CPU.Build.0 = Release|Any CPU
		{AB9C0C6A-36C4-4716-831F-276F1BD0FCA1}.Debug|Any CPU.ActiveCfg = Debug|Any CPU
		{AB9C0C6A-36C4-4716-831F-276F1BD0FCA1}.Debug|Any CPU.Build.0 = Debug|Any CPU
		{AB9C0C6A-36C4-4716-831F-276F1BD0FCA1}.Release|Any CPU.ActiveCfg = Release|Any CPU
		{AB9C0C6A-36C4-4716-831F-276F1BD0FCA1}.Release|Any CPU.Build.0 = Release|Any CPU
	EndGlobalSection
	GlobalSection(SolutionProperties) = preSolution
		HideSolutionNode = FALSE
	EndGlobalSection
	GlobalSection(ExtensibilityGlobals) = postSolution
		SolutionGuid = {6604DDF7-195A-475A-98B6-28C82A32A052}
	EndGlobalSection
EndGlobal
