
Microsoft Visual Studio Solution File, Format Version 12.00
# Visual Studio 15
VisualStudioVersion = 15.0.28010.2041
MinimumVisualStudioVersion = 10.0.40219.1
Project("{FAE04EC0-301F-11D3-BF4B-00C04F79EFBC}") = "Wifi.Media", "Wifi.Media.csproj", "{959B4D39-8DC1-46D9-8D4D-ABEEDD7A5D07}"
EndProject
Project("{FAE04EC0-301F-11D3-BF4B-00C04F79EFBC}") = "Wifi.Media.Data", "Wifi.Media.Data\Wifi.Media.Data.csproj", "{AB9C0C6A-36C4-4716-831F-276F1BD0FCA1}"
EndProject
Project("{FAE04EC0-301F-11D3-BF4B-00C04F79EFBC}") = "Wifi.Media.Admin", "Wifi.Media.Admin\Wifi.Media.Admin.csproj", "{95A4E868-19FE-449C-97E5-0F7A07497460}"
EndProject
Project("{FAE04EC0-301F-11D3-BF4B-00C04F79EFBC}") = "Wifi.Media.Login", "Wifi.Media.Login\Wifi.Media.Login.csproj", "{9F175DFB-1FE9-4CE8-9D96-C9F7EF2A0E14}"
EndProject
Project("{FAE04EC0-301F-11D3-BF4B-00C04F79EFBC}") = "Wifi.Media.Medienverwaltung", "Wifi.Media.Medienverwaltung\Wifi.Media.Medienverwaltung.csproj", "{5173AEB3-4D48-40FF-9680-A225263EB3A6}"
EndProject
Project("{FAE04EC0-301F-11D3-BF4B-00C04F79EFBC}") = "Wifi.Media.Medienverwaltung.Song_Detail", "Wifi.Media.Medienverwaltung.Song_Detail\Wifi.Media.Medienverwaltung.Song_Detail.csproj", "{AE70EBBE-2C5B-4E2C-B76D-7FC0250DE0B1}"
EndProject
Global
	GlobalSection(SolutionConfigurationPlatforms) = preSolution
		Debug|Any CPU = Debug|Any CPU
		Release|Any CPU = Release|Any CPU
	EndGlobalSection
	GlobalSection(ProjectConfigurationPlatforms) = postSolution
		{959B4D39-8DC1-46D9-8D4D-ABEEDD7A5D07}.Debug|Any CPU.ActiveCfg = Debug|Any CPU
		{959B4D39-8DC1-46D9-8D4D-ABEEDD7A5D07}.Debug|Any CPU.Build.0 = Debug|Any CPU
		{959B4D39-8DC1-46D9-8D4D-ABEEDD7A5D07}.Release|Any CPU.ActiveCfg = Release|Any CPU
		{959B4D39-8DC1-46D9-8D4D-ABEEDD7A5D07}.Release|Any CPU.Build.0 = Release|Any CPU
		{AB9C0C6A-36C4-4716-831F-276F1BD0FCA1}.Debug|Any CPU.ActiveCfg = Debug|Any CPU
		{AB9C0C6A-36C4-4716-831F-276F1BD0FCA1}.Debug|Any CPU.Build.0 = Debug|Any CPU
		{AB9C0C6A-36C4-4716-831F-276F1BD0FCA1}.Release|Any CPU.ActiveCfg = Release|Any CPU
		{AB9C0C6A-36C4-4716-831F-276F1BD0FCA1}.Release|Any CPU.Build.0 = Release|Any CPU
		{95A4E868-19FE-449C-97E5-0F7A07497460}.Debug|Any CPU.ActiveCfg = Debug|Any CPU
		{95A4E868-19FE-449C-97E5-0F7A07497460}.Debug|Any CPU.Build.0 = Debug|Any CPU
		{95A4E868-19FE-449C-97E5-0F7A07497460}.Release|Any CPU.ActiveCfg = Release|Any CPU
		{95A4E868-19FE-449C-97E5-0F7A07497460}.Release|Any CPU.Build.0 = Release|Any CPU
		{9F175DFB-1FE9-4CE8-9D96-C9F7EF2A0E14}.Debug|Any CPU.ActiveCfg = Debug|Any CPU
		{9F175DFB-1FE9-4CE8-9D96-C9F7EF2A0E14}.Debug|Any CPU.Build.0 = Debug|Any CPU
		{9F175DFB-1FE9-4CE8-9D96-C9F7EF2A0E14}.Release|Any CPU.ActiveCfg = Release|Any CPU
		{9F175DFB-1FE9-4CE8-9D96-C9F7EF2A0E14}.Release|Any CPU.Build.0 = Release|Any CPU
		{5173AEB3-4D48-40FF-9680-A225263EB3A6}.Debug|Any CPU.ActiveCfg = Debug|Any CPU
		{5173AEB3-4D48-40FF-9680-A225263EB3A6}.Debug|Any CPU.Build.0 = Debug|Any CPU
		{5173AEB3-4D48-40FF-9680-A225263EB3A6}.Release|Any CPU.ActiveCfg = Release|Any CPU
		{5173AEB3-4D48-40FF-9680-A225263EB3A6}.Release|Any CPU.Build.0 = Release|Any CPU
		{AE70EBBE-2C5B-4E2C-B76D-7FC0250DE0B1}.Debug|Any CPU.ActiveCfg = Debug|Any CPU
		{AE70EBBE-2C5B-4E2C-B76D-7FC0250DE0B1}.Debug|Any CPU.Build.0 = Debug|Any CPU
		{AE70EBBE-2C5B-4E2C-B76D-7FC0250DE0B1}.Release|Any CPU.ActiveCfg = Release|Any CPU
		{AE70EBBE-2C5B-4E2C-B76D-7FC0250DE0B1}.Release|Any CPU.Build.0 = Release|Any CPU
	EndGlobalSection
	GlobalSection(SolutionProperties) = preSolution
		HideSolutionNode = FALSE
	EndGlobalSection
	GlobalSection(ExtensibilityGlobals) = postSolution
		SolutionGuid = {6604DDF7-195A-475A-98B6-28C82A32A052}
	EndGlobalSection
EndGlobal
